{
  "version": "2",
  "remote": {
    "https://deno.land/std@0.167.0/async/abortable.ts": "80b2ac399f142cc528f95a037a7d0e653296352d95c681e284533765961de409",
    "https://deno.land/std@0.167.0/async/deadline.ts": "2c2deb53c7c28ca1dda7a3ad81e70508b1ebc25db52559de6b8636c9278fd41f",
    "https://deno.land/std@0.167.0/async/debounce.ts": "60301ffb37e730cd2d6f9dadfd0ecb2a38857681bd7aaf6b0a106b06e5210a98",
    "https://deno.land/std@0.167.0/async/deferred.ts": "77d3f84255c3627f1cc88699d8472b664d7635990d5358c4351623e098e917d6",
    "https://deno.land/std@0.167.0/async/delay.ts": "5a9bfba8de38840308a7a33786a0155a7f6c1f7a859558ddcec5fe06e16daf57",
    "https://deno.land/std@0.167.0/async/mod.ts": "7809ad4bb223e40f5fdc043e5c7ca04e0e25eed35c32c3c32e28697c553fa6d9",
    "https://deno.land/std@0.167.0/async/mux_async_iterator.ts": "770a0ff26c59f8bbbda6b703a2235f04e379f73238e8d66a087edc68c2a2c35f",
    "https://deno.land/std@0.167.0/async/pool.ts": "6854d8cd675a74c73391c82005cbbe4cc58183bddcd1fbbd7c2bcda42b61cf69",
    "https://deno.land/std@0.167.0/async/retry.ts": "e8e5173623915bbc0ddc537698fa418cf875456c347eda1ed453528645b42e67",
    "https://deno.land/std@0.167.0/async/tee.ts": "3a47cc4e9a940904fd4341f0224907e199121c80b831faa5ec2b054c6d2eff5e",
    "https://deno.land/std@0.167.0/http/server.ts": "e99c1bee8a3f6571ee4cdeb2966efad465b8f6fe62bec1bdb59c1f007cc4d155",
    "https://deno.land/std@0.192.0/collections/filter_values.ts": "5b9feaf17b9a6e5ffccdd36cf6f38fa4ffa94cff2602d381c2ad0c2a97929652",
    "https://deno.land/std@0.192.0/collections/without_all.ts": "a89f5da0b5830defed4f59666e188df411d8fece35a5f6ca69be6ca71a95c185",
    "https://deno.land/std@0.192.0/dotenv/load.ts": "0636983549b98f29ab75c9a22a42d9723f0a389ece5498fe971e7bb2556a12e2",
    "https://deno.land/std@0.192.0/dotenv/mod.ts": "f5a8123741d1561ae8184a7f043bc097b15132c5171c651142b804b6dbc21853",
    "https://deno.land/std@0.192.0/fmt/colors.ts": "d67e3cd9f472535241a8e410d33423980bec45047e343577554d3356e1f0ef4e",
    "https://deno.land/std@0.192.0/testing/_diff.ts": "1a3c044aedf77647d6cac86b798c6417603361b66b54c53331b312caeb447aea",
    "https://deno.land/std@0.192.0/testing/_format.ts": "a69126e8a469009adf4cf2a50af889aca364c349797e63174884a52ff75cf4c7",
    "https://deno.land/std@0.192.0/testing/asserts.ts": "e16d98b4d73ffc4ed498d717307a12500ae4f2cbe668f1a215632d19fcffc22f",
    "https://deno.land/x/evt@v2.4.22/lib/Ctx.ts": "17e36caff92c5d21377fef97e4928ad59b4de3ef33e58d77f85cb549aec5c4ec",
    "https://deno.land/x/evt@v2.4.22/lib/Evt.asNonPostable.ts": "0c518f68e873a7912a2c3225f5427cb64085dae6b1a9ad0aa8f677232fd93b98",
    "https://deno.land/x/evt@v2.4.22/lib/Evt.asPostable.ts": "fbd8bbe300a69da44cec8579ea1992c287d7bcc6fe4f4e06f2585b1ef0551090",
    "https://deno.land/x/evt@v2.4.22/lib/Evt.asyncPipe.ts": "4059412592244a11e7af4fe19f729cc90ca0efe8e2cfa66bc1a615c801778fe9",
    "https://deno.land/x/evt@v2.4.22/lib/Evt.create.ts": "8789cf94d143f208ea7b26071e37b862b435b422da2e28a697732a8260998c2c",
    "https://deno.land/x/evt@v2.4.22/lib/Evt.factorize.ts": "ed4173ea2b41e187700cd4dbd3e040763a170dfa0530cb6200b5723120b0c7ec",
    "https://deno.land/x/evt@v2.4.22/lib/Evt.from.ts": "32a61017f5ff51e3cbdd501d5225cf95e4ce788afd0ef1d88d1f04e14f5f5548",
    "https://deno.land/x/evt@v2.4.22/lib/Evt.getCtx.ts": "6c6b7372e32bc6188e4c9ab16fdbba1a8c469d493df20c7ecc0aa92382b95585",
    "https://deno.land/x/evt@v2.4.22/lib/Evt.loosenType.ts": "7b5223c86b4661aefa019e3db1cecf2e859a1376c2c243d2fe6c0a797daa962c",
    "https://deno.land/x/evt@v2.4.22/lib/Evt.merge.ts": "0bab6663ea756e929a9f5b7bf1c5c957da00d5b2355f8355b1276c3016654edf",
    "https://deno.land/x/evt@v2.4.22/lib/Evt.newCtx.ts": "bd44ec7e092915b7b32a1e5d8491c0894749624a2b17e1d41c0af39de73abb90",
    "https://deno.land/x/evt@v2.4.22/lib/Evt.parsePropsFromArgs.ts": "c3afe687b7377dd8934da42943c386ed02830906daa9904a9c29ca502e826581",
    "https://deno.land/x/evt@v2.4.22/lib/Evt.ts": "4bb5ddaaa161df844409f3f0b8c73b681521c0418c3c3f85de64ced91a0e5fc5",
    "https://deno.land/x/evt@v2.4.22/lib/LazyEvt.ts": "de27a89d799100d6b0c18b1238fcea8b4130ca355d9e72a96917dc7760d51187",
    "https://deno.land/x/evt@v2.4.22/lib/LazyStatefulEvt.ts": "3b0e73d0b27ae509499ffd9d0be15c0a17eabbfec9b2a3601d53ddd5075ca626",
    "https://deno.land/x/evt@v2.4.22/lib/StatefulEvt.ts": "2a61bb6281f8f9d4473c388d0d0e5a8dc457c57912c736325a52f17233a98f1b",
    "https://deno.land/x/evt@v2.4.22/lib/importProxy.ts": "7b252cd136ab26da2661ea6525ec15612b5894c6f141456246ee6da3b42f4361",
    "https://deno.land/x/evt@v2.4.22/lib/index.ts": "a471b0902a5be7f5c17dfcb06b7affe025c1793dff1c53d509664d83dab5d8ec",
    "https://deno.land/x/evt@v2.4.22/lib/types/AsyncIterableEvt.ts": "5fd9a5465340547d8e4e40322675a85fbf0c1661d3ea85cc0bd57e2344c0d988",
    "https://deno.land/x/evt@v2.4.22/lib/types/EventTargetLike.ts": "69dcddccf52f52bc1ff22ae9c19d872f04157ab41c2534a265e5aa9f7f727458",
    "https://deno.land/x/evt@v2.4.22/lib/types/EvtError.ts": "719ccce37e3b6cf2f79b6d0017e4ecb325ee4ba614d1cc2f6807d48ac7046784",
    "https://deno.land/x/evt@v2.4.22/lib/types/Handler.ts": "1a83da88f68e5239db7cf90489d9e061912a88c2b80f7dfe98526f27a8dc4727",
    "https://deno.land/x/evt@v2.4.22/lib/types/Observer.ts": "f0f2c4498bd49558d4f5df981ee4ae2aada687de5cd150e39b06798bf3d23ac0",
    "https://deno.land/x/evt@v2.4.22/lib/types/Operator.ts": "48de9fb581d798378bbfee58f3f43d461c79e4c4c015f72bb885627f1cf7fe65",
    "https://deno.land/x/evt@v2.4.22/lib/types/helper/EvtLikeToEvt.ts": "8374ddc8aaefca4e4fbdcb5e76a60552add5940ab7f2fc3eb58061a6b160c190",
    "https://deno.land/x/evt@v2.4.22/lib/types/helper/FactorizeEvt.ts": "cc2a2210a71e5a2d5fc66be1dccdaead2265bb46d5d82544b743e1c6f54c4018",
    "https://deno.land/x/evt@v2.4.22/lib/types/helper/SwapEvtType.ts": "c944d32056391c7dfdb8cbdc4f7406ffab3f0430282abc4961534aca36eb040d",
    "https://deno.land/x/evt@v2.4.22/lib/types/helper/ToNonPostableEvt.ts": "886aa16d9e22e44a9c59ae474e09e17523708f8800337cf8f6777e8697ad760e",
    "https://deno.land/x/evt@v2.4.22/lib/types/helper/ToPostableEvt.ts": "9bfb4c08fa7cc024026db3a7c1baf85c3a73292ecca615c488d6e420ba8b1237",
    "https://deno.land/x/evt@v2.4.22/lib/types/helper/UnpackCtx.ts": "efbd11b73b67c13bb337eba15660c4ac3674fb929083782b9716839bb030793a",
    "https://deno.land/x/evt@v2.4.22/lib/types/helper/UnpackEvt.ts": "94e2247280afb165f342e55671ab04409e107aab5d5707b0def711f1e980fecf",
    "https://deno.land/x/evt@v2.4.22/lib/types/helper/index.ts": "76077c41f85641c0a92c6107a2d62e55591401a44df985f3aa9000b80ed5f5f9",
    "https://deno.land/x/evt@v2.4.22/lib/types/index.ts": "08cdb0a44ba5484b12d041d67271f0350dd9a6c3bd843843b2bc62399f48f28d",
    "https://deno.land/x/evt@v2.4.22/lib/types/interfaces/Ctx.ts": "74ebb5d3bb0bc1b934c427e3c57ab124bc0c46f89d683f9925125dff82f5e1b7",
    "https://deno.land/x/evt@v2.4.22/lib/types/interfaces/CtxLike.ts": "3571eebbdafe412d2b775051ca2c317192ed874e95352465a9862b5213a6d607",
    "https://deno.land/x/evt@v2.4.22/lib/types/interfaces/Evt.ts": "884f7924179974a4e5e1f1978c043fdb2104bf651c07f3be5a049f864406d50c",
    "https://deno.land/x/evt@v2.4.22/lib/types/interfaces/EvtLike.ts": "cf294021dc16aee68637284d76fc33d3ce6428504c9489f91cba840b03e7f2e5",
    "https://deno.land/x/evt@v2.4.22/lib/types/interfaces/NonPostableEvt.ts": "4326c2e2883460ac111c90fa5b5803e0f1e1ae7e17ab99508d26b6db18a94bab",
    "https://deno.land/x/evt@v2.4.22/lib/types/interfaces/NonPostableEvtLike.ts": "ff32ade244c2e560a3b134ba0511f171ac0ae696ef7cedafa7c858563b559dd6",
    "https://deno.land/x/evt@v2.4.22/lib/types/interfaces/Postable.ts": "e66e7b8ed2124a49f0f25be9f8ea06e0777cc8425a425a75c8e1993dc30c147f",
    "https://deno.land/x/evt@v2.4.22/lib/types/interfaces/StatefulEvt.ts": "384499cf2d141f865f26e52d21c01268218dd2ffd97f99d21c565545abab56df",
    "https://deno.land/x/evt@v2.4.22/lib/types/interfaces/StatefulEvtLike.ts": "9f985cbf4ab3629fbee5f6abbf81b8366c9949b34d73147af2b61467995f704f",
    "https://deno.land/x/evt@v2.4.22/lib/types/interfaces/StatefulPostable.ts": "3e9d0ba438cd247c27fee88c4dcaad0deff42b753c9d0aeb78cb704a9f2e9fa7",
    "https://deno.land/x/evt@v2.4.22/lib/types/interfaces/StatefulReadonlyEvt.ts": "fb09392dcafbc9027310db3b8f0314d1d8cc906549caf50dcd8657bea06aba96",
    "https://deno.land/x/evt@v2.4.22/lib/types/interfaces/StatefulReadonlyEvtLike.ts": "2a80d93f2c866720a2b65641d6905b6700097ac67998c5a680167f91f425aeee",
    "https://deno.land/x/evt@v2.4.22/lib/types/interfaces/index.ts": "d980826b51d368d4ef639e377944c8d9836c14836d52ce3ff0d4c0b712fb4c93",
    "https://deno.land/x/evt@v2.4.22/lib/types/lib.dom.ts": "2b65508fc6e3f7cae953d94652c240ef6eb3569f7f82ff879a853ea91fa56c99",
    "https://deno.land/x/evt@v2.4.22/lib/util/compose.ts": "2a9db87ccd71f3716aa7c74b623d80f6d0c869de6d23003638bd2d43a87c6658",
    "https://deno.land/x/evt@v2.4.22/lib/util/convertOperatorToStatelessFLambda.ts": "6613d1a68fe1cdda78cf2f2f33fbc5acfa6ac17b936fd9f9249ca4db3e429368",
    "https://deno.land/x/evt@v2.4.22/lib/util/genericOperators/distinct.ts": "07b5f8c9275a58dd9339618c11c2e91223a5d33ecbf7f54763eef5cfcde97121",
    "https://deno.land/x/evt@v2.4.22/lib/util/genericOperators/index.ts": "9cab9a215bd3007b137fadad37fab62860e23e533d10312c9a17904a5fa055af",
    "https://deno.land/x/evt@v2.4.22/lib/util/genericOperators/nonNullable.ts": "c1d3dea4494c5b4bae37b83d1feea328b9c55dddbe21dbf08f0c66702a617e91",
    "https://deno.land/x/evt@v2.4.22/lib/util/genericOperators/throttleTime.ts": "742c8bde694db3032335c21d9152a86c4fcbaad7e0052e2c6752c599ebad8bfd",
    "https://deno.land/x/evt@v2.4.22/lib/util/genericOperators/to.ts": "465a525187031f70e655101952776f4926d8e35d1ad6503ee1bc49a4a6c8e647",
    "https://deno.land/x/evt@v2.4.22/lib/util/index.ts": "c4d914d5b1caf9847ea858bf3fa9ee1320cc382765b922fd03ab4c3d2b6dca26",
    "https://deno.land/x/evt@v2.4.22/mod.ts": "ad2c53a9eb0535824d04d121b66ae8e97650885cdb8833ccf5670f1c8f742f03",
    "https://deno.land/x/evt@v2.4.22/tools/Deferred.ts": "e7ea7d722a7d1f18664afb11a6915340bb5441360de4968f4b360cb578c3dcaa",
    "https://deno.land/x/evt@v2.4.22/tools/minimal-polyfills/LightMap.ts": "0d3b3e4612a3e76ddce0f3ec2ddefab10771ff385257e9ca35635ce6109a5049",
    "https://deno.land/x/evt@v2.4.22/tools/safeSetTimeout.ts": "6e8fae967d49fbe2786acd10c5ab5cc0acc3305febd89445ce9f70e674038a40",
    "https://deno.land/x/hono@v3.2.6/client/client.ts": "7a819af2aa9aabc746add4d01715fa37f83676fdf1b63fba1bbcd655b2d066a5",
    "https://deno.land/x/hono@v3.2.6/client/index.ts": "3ff4cf246f3543f827a85a2c84d66a025ac350ee927613629bda47e854bfb7ba",
    "https://deno.land/x/hono@v3.2.6/client/types.ts": "3b7b789e55ad01d67db0c2638054f2aa72fcc39fc2ef9fceaf902f854ce19381",
    "https://deno.land/x/hono@v3.2.6/client/utils.ts": "9f9825a3f96e0e332fa91f4cd1cfffe2ef9da796c58904941c8405e3f18bda07",
    "https://deno.land/x/hono@v3.2.6/compose.ts": "e55ed7be2134f363ff3c8e8e2f520ff682c6a11a47d7189100ed69704ce10b9e",
    "https://deno.land/x/hono@v3.2.6/context.ts": "15f884091751c1449a63b936d15c436bfab92b44303b571205b010f6a1f18130",
    "https://deno.land/x/hono@v3.2.6/hono-base.ts": "d7372c75e41852e557c7d6e2da52a1f2f58c0bae5a53c964bbc22ae4f7cca5a6",
    "https://deno.land/x/hono@v3.2.6/hono.ts": "c185fae30dc3aa9966b0f3e8599f81314ba5e8621b907d27cffb77414a1c0908",
    "https://deno.land/x/hono@v3.2.6/http-exception.ts": "6071df078b5f76d279684d52fe82a590f447a64ffe1b75eb5064d0c8a8d2d676",
    "https://deno.land/x/hono@v3.2.6/mod.ts": "ec8ad69c08e40bee63cac3d9e3df5fd062e9f4692a81cecf43a51feb3421625e",
    "https://deno.land/x/hono@v3.2.6/request.ts": "c7b156bb5c16a9eaf59314836734e3b4f879dc5a53e0b0085660a711898ce319",
    "https://deno.land/x/hono@v3.2.6/router.ts": "d03e2a9e862c898e8555b451ba80c65b1f39d487230815229e1f046dbd8546cb",
    "https://deno.land/x/hono@v3.2.6/router/linear-router/index.ts": "8a2a7144c50b1f4a92d9ee99c2c396716af144c868e10608255f969695efccd0",
    "https://deno.land/x/hono@v3.2.6/router/linear-router/router.ts": "90d4afc052b72f53dafbcf97fd32f24299b985f8a35dbdc70b28048201b3dcbc",
    "https://deno.land/x/hono@v3.2.6/router/pattern-router/index.ts": "304a66c50e243872037ed41c7dd79ed0c89d815e17e172e7ad7cdc4bc07d3383",
    "https://deno.land/x/hono@v3.2.6/router/pattern-router/router.ts": "38ffe40056f3aa7ecf441711d82af2d0357aae6c2fd168f534427579e89439f4",
    "https://deno.land/x/hono@v3.2.6/router/reg-exp-router/index.ts": "52755829213941756159b7a963097bafde5cc4fc22b13b1c7c9184dc0512d1db",
    "https://deno.land/x/hono@v3.2.6/router/reg-exp-router/node.ts": "8006b5bccb83d9fc98e0562a5545f6dd0be639ce445b089a6171c9c617aa8693",
    "https://deno.land/x/hono@v3.2.6/router/reg-exp-router/router.ts": "aeddd88e16a7ec3cf088a13ee952cfcb3319f97559767253e1a600f72fc70f27",
    "https://deno.land/x/hono@v3.2.6/router/reg-exp-router/trie.ts": "567493b301c44174f0895aedb8d055bbecf88f8a25626fa8ca61333bbd0c882c",
    "https://deno.land/x/hono@v3.2.6/router/smart-router/index.ts": "74f9b4fe15ea535900f2b9b048581915f12fe94e531dd2b0032f5610e61c3bef",
    "https://deno.land/x/hono@v3.2.6/router/smart-router/router.ts": "38209165dadea4182b42807a0a6c84a9258532a07ebf87262dc2b5b09d25a2a2",
    "https://deno.land/x/hono@v3.2.6/router/trie-router/index.ts": "3eb75e7f71ba81801631b30de6b1f5cefb2c7239c03797e2b2cbab5085911b41",
    "https://deno.land/x/hono@v3.2.6/router/trie-router/node.ts": "3e27c0ff9b1d677c4ab1fbf0895e81c8e3ba277c6c2ccbc68a98185b32040c95",
    "https://deno.land/x/hono@v3.2.6/router/trie-router/router.ts": "ad0b3fdabc33abd11a9f5819734aec743602a743cfc9f90ddad73787cd5e7727",
    "https://deno.land/x/hono@v3.2.6/types.ts": "511c0c903786dd529b5979caf3bf2f2a48c18925203d819f343a6c49116aae51",
    "https://deno.land/x/hono@v3.2.6/utils/body.ts": "67627aaac6ea8d3d2f2ffcb0aabccfe0c854ee11eaecd36dfcc2f012005337f7",
    "https://deno.land/x/hono@v3.2.6/utils/cookie.ts": "3da3fca79aed23326659c43e132f1eb20f20245902d30a8b9a7b487f1df33041",
    "https://deno.land/x/hono@v3.2.6/utils/http-status.ts": "e0c4343ea7717c314dc600131e16b636c29d61cfdaf9df93b267258d1729d1a0",
    "https://deno.land/x/hono@v3.2.6/utils/types.ts": "634ee00ae271302b2decf73edb91d843feb9fc7bfd43ea643d1b14861914577d",
    "https://deno.land/x/hono@v3.2.6/utils/url.ts": "40a4192da0a655a124c95063e0ab3924432805fcf45a3ffc8e4458029d609bbc",
    "https://deno.land/x/hono@v3.2.6/validator/index.ts": "6c986e8b91dcf857ecc8164a506ae8eea8665792a4ff7215471df669c632ae7c",
    "https://deno.land/x/hono@v3.2.6/validator/validator.ts": "e52183ddf8cefc3cfe2788802fe6ce766df8ac904df485107b01cbcca167dbad",
    "https://deno.land/x/run_exclusive@v2.2.19/lib/runExclusive.ts": "07c0a6e397d422eaafd05de11357652e1a259242f4a1fdffd2a84b7de24d4d9d",
    "https://deno.land/x/run_exclusive@v2.2.19/mod.ts": "7d124c8d09f74c46a56b7397c2ca3731a1cc9c5dc45469b8522badf17eb523e1",
    "https://deno.land/x/tsafe@v1.6.4/Equals.ts": "3890f89007eaa5a7c9ff4105fed68ebc33255bb26b0c3bd313a8b3f023c7f684",
    "https://deno.land/x/tsafe@v1.6.4/assert.ts": "096d303459a1118f4f3ae1a9e630619e6626c7001f6c2b8e23a5b0dd2f97a174",
    "https://deno.land/x/tsafe@v1.6.4/id.ts": "cb2b74bfed19553b90e37af353c58c53ee113af1406c580ab0b7a4b44aa9b022",
    "https://deno.land/x/tsafe@v1.6.4/is.ts": "3f929f3bfaef98835ea02dc66a8d6a77e2784dc9d3d85e76902b6f19ea531ba6",
    "https://deno.land/x/tsafe@v1.6.4/isPromiseLike.ts": "e190c6b9806e815d3a096c9af16028a848edd13b70b6e3d9e44ce2507089f17a",
    "https://deno.land/x/tsafe@v1.6.4/lab/PromiseOrNot.ts": "ab46309b639fb01d162488e25afc36bf4a8da3ab37f09a6dc70c733a5b9829ba",
    "https://deno.land/x/tsafe@v1.6.4/lab/overwriteReadonlyProp.ts": "8d232c0ea94583198bffd903644c203b3acc01768417923a9d9750a194071cc2",
    "https://deno.land/x/tsafe@v1.6.4/tools/StrictEquals.ts": "cee511e986619497af00106cfc033afa9cb907657eae7d216aa6685cfd91a7e4",
    "https://deno.land/x/tsafe@v1.6.4/tools/Unite.ts": "f6b19500d5de61452d537a4a495cfae224ff97de8b2afa9b156a14e261d9dc45",
    "https://deno.land/x/tsafe@v1.6.4/typeGuard.ts": "8012ea9591da5ff83fa43d1a42c9911736b0f841726bc88a07deb53ae717f41b",
    "https://deno.land/x/tsafe@v1.6.4/zz_internal/assertIsRefWrapper.ts": "1c16beff4730820044f9d18dfd7c703ec626e0b751b75d884a344a12287c85f3",
    "https://esm.sh/openai-edge@1.1.0": "87cd1d186d28f1c94d4636963ea1cb79cbf597f7d4757edcc690d31b69f17b79",
    "https://esm.sh/v126/openai-edge@1.1.0/denonext/openai-edge.mjs": "1652954dc91576cedaf0edd32485f09dc531059f775e500d1304c8a44d852b04",
    "https://esm.sh/v126/openai-edge@1.1.0/types/api.d.ts": "f49f26848fa0ee8cebe5bf37b236e86f54a0deb5fa6144ae56d3a90ae90618d6",
    "https://esm.sh/v126/openai-edge@1.1.0/types/base.d.ts": "cc990227246ab8e8e490d5e809427eecf31bb2e17634953689e964fc7584aaab",
    "https://esm.sh/v126/openai-edge@1.1.0/types/configuration.d.ts": "51b3eb27dbbd66221d7cb2ad65f537e58927382bba5ffb730b596b91825ce781",
    "https://esm.sh/v126/openai-edge@1.1.0/types/index.d.ts": "c31ccfd6c84846dfcf73035a398fb6d8e4cd9d6598a3a6c7047770b77bcef18a",
    "https://esm.sh/v126/openai-edge@1.1.0/types/response-types.d.ts": "5c232bb1b46b0a33972be9bf85e9116d3d18f632952170fc442f9ef5e7e953b1"
  }
}
